
Microsoft Visual Studio Solution File, Format Version 12.00
# Visual Studio 15
VisualStudioVersion = 15.0.27703.2042
MinimumVisualStudioVersion = 10.0.40219.1
Project("{F184B08F-C81C-45F6-A57F-5ABD9991F28F}") = "YouTube Analytics Widget", "YouTube Analytics Widget\YouTube Analytics Widget.vbproj", "{11BAE649-6866-4239-A5CA-32F96A56E0D5}"
EndProject
Project("{F184B08F-C81C-45F6-A57F-5ABD9991F28F}") = "Installer", "Installer\Installer.vbproj", "{00AC1DA5-F0F9-4165-A89E-033D7A3C28B4}"
EndProject
Project("{F184B08F-C81C-45F6-A57F-5ABD9991F28F}") = "Uninstaller", "Uninstaller\Uninstaller.vbproj", "{68274DCC-D1F2-45CA-B434-4C30649D2A07}"
EndProject
Project("{F184B08F-C81C-45F6-A57F-5ABD9991F28F}") = "Updater", "Updater\Updater.vbproj", "{C64804D9-FF15-442C-B3F5-16404B83C92A}"
EndProject
Global
	GlobalSection(SolutionConfigurationPlatforms) = preSolution
		Debug|Any CPU = Debug|Any CPU
		Release|Any CPU = Release|Any CPU
	EndGlobalSection
	GlobalSection(ProjectConfigurationPlatforms) = postSolution
		{11BAE649-6866-4239-A5CA-32F96A56E0D5}.Debug|Any CPU.ActiveCfg = Debug|Any CPU
		{11BAE649-6866-4239-A5CA-32F96A56E0D5}.Debug|Any CPU.Build.0 = Debug|Any CPU
		{11BAE649-6866-4239-A5CA-32F96A56E0D5}.Release|Any CPU.ActiveCfg = Release|Any CPU
		{11BAE649-6866-4239-A5CA-32F96A56E0D5}.Release|Any CPU.Build.0 = Release|Any CPU
		{00AC1DA5-F0F9-4165-A89E-033D7A3C28B4}.Debug|Any CPU.ActiveCfg = Debug|Any CPU
		{00AC1DA5-F0F9-4165-A89E-033D7A3C28B4}.Debug|Any CPU.Build.0 = Debug|Any CPU
		{00AC1DA5-F0F9-4165-A89E-033D7A3C28B4}.Release|Any CPU.ActiveCfg = Release|Any CPU
		{00AC1DA5-F0F9-4165-A89E-033D7A3C28B4}.Release|Any CPU.Build.0 = Release|Any CPU
		{68274DCC-D1F2-45CA-B434-4C30649D2A07}.Debug|Any CPU.ActiveCfg = Debug|Any CPU
		{68274DCC-D1F2-45CA-B434-4C30649D2A07}.Debug|Any CPU.Build.0 = Debug|Any CPU
		{68274DCC-D1F2-45CA-B434-4C30649D2A07}.Release|Any CPU.ActiveCfg = Release|Any CPU
		{68274DCC-D1F2-45CA-B434-4C30649D2A07}.Release|Any CPU.Build.0 = Release|Any CPU
		{C64804D9-FF15-442C-B3F5-16404B83C92A}.Debug|Any CPU.ActiveCfg = Debug|Any CPU
		{C64804D9-FF15-442C-B3F5-16404B83C92A}.Debug|Any CPU.Build.0 = Debug|Any CPU
		{C64804D9-FF15-442C-B3F5-16404B83C92A}.Release|Any CPU.ActiveCfg = Release|Any CPU
		{C64804D9-FF15-442C-B3F5-16404B83C92A}.Release|Any CPU.Build.0 = Release|Any CPU
	EndGlobalSection
	GlobalSection(SolutionProperties) = preSolution
		HideSolutionNode = FALSE
	EndGlobalSection
	GlobalSection(ExtensibilityGlobals) = postSolution
		SolutionGuid = {611999B3-9B17-4C50-9DED-5C759ED24C56}
	EndGlobalSection
EndGlobal
